
Microsoft Visual Studio Solution File, Format Version 12.00
# Visual Studio 15
VisualStudioVersion = 15.0.28307.779
MinimumVisualStudioVersion = 10.0.40219.1
Project("{FAE04EC0-301F-11D3-BF4B-00C04F79EFBC}") = "SeaManifest", "SeaManifest\SeaManifest.csproj", "{31DB9C18-15B5-43F5-B260-59338997EA97}"
EndProject
Project("{FAE04EC0-301F-11D3-BF4B-00C04F79EFBC}") = "BAL", "BAL\BAL.csproj", "{AA5784B7-2944-41FE-90A3-B743FCC84966}"
EndProject
Project("{FAE04EC0-301F-11D3-BF4B-00C04F79EFBC}") = "DAL", "DAL\DAL.csproj", "{D0E9991E-8687-46A8-80C4-7C33E7487F88}"
EndProject
Global
	GlobalSection(SolutionConfigurationPlatforms) = preSolution
		Debug|Any CPU = Debug|Any CPU
		Release|Any CPU = Release|Any CPU
	EndGlobalSection
	GlobalSection(ProjectConfigurationPlatforms) = postSolution
		{31DB9C18-15B5-43F5-B260-59338997EA97}.Debug|Any CPU.ActiveCfg = Debug|Any CPU
		{31DB9C18-15B5-43F5-B260-59338997EA97}.Debug|Any CPU.Build.0 = Debug|Any CPU
		{31DB9C18-15B5-43F5-B260-59338997EA97}.Release|Any CPU.ActiveCfg = Release|Any CPU
		{31DB9C18-15B5-43F5-B260-59338997EA97}.Release|Any CPU.Build.0 = Release|Any CPU
		{AA5784B7-2944-41FE-90A3-B743FCC84966}.Debug|Any CPU.ActiveCfg = Debug|Any CPU
		{AA5784B7-2944-41FE-90A3-B743FCC84966}.Debug|Any CPU.Build.0 = Debug|Any CPU
		{AA5784B7-2944-41FE-90A3-B743FCC84966}.Release|Any CPU.ActiveCfg = Release|Any CPU
		{AA5784B7-2944-41FE-90A3-B743FCC84966}.Release|Any CPU.Build.0 = Release|Any CPU
		{D0E9991E-8687-46A8-80C4-7C33E7487F88}.Debug|Any CPU.ActiveCfg = Debug|Any CPU
		{D0E9991E-8687-46A8-80C4-7C33E7487F88}.Debug|Any CPU.Build.0 = Debug|Any CPU
		{D0E9991E-8687-46A8-80C4-7C33E7487F88}.Release|Any CPU.ActiveCfg = Release|Any CPU
		{D0E9991E-8687-46A8-80C4-7C33E7487F88}.Release|Any CPU.Build.0 = Release|Any CPU
	EndGlobalSection
	GlobalSection(SolutionProperties) = preSolution
		HideSolutionNode = FALSE
	EndGlobalSection
	GlobalSection(ExtensibilityGlobals) = postSolution
		SolutionGuid = {E2175F56-1591-4E7B-8679-FAFE12AE0C23}
	EndGlobalSection
EndGlobal
